
Microsoft Visual Studio Solution File, Format Version 12.00
# Visual Studio Version 16
VisualStudioVersion = 16.0.30611.23
MinimumVisualStudioVersion = 10.0.40219.1
Project("{FAE04EC0-301F-11D3-BF4B-00C04F79EFBC}") = "Laboratorul-2", "Laboratorul-2.csproj", "{190471B0-451B-4E51-81E4-74F7E0AEA1BD}"
EndProject
Global
	GlobalSection(SolutionConfigurationPlatforms) = preSolution
		Debug|Any CPU = Debug|Any CPU
		Release|Any CPU = Release|Any CPU
	EndGlobalSection
	GlobalSection(ProjectConfigurationPlatforms) = postSolution
		{190471B0-451B-4E51-81E4-74F7E0AEA1BD}.Debug|Any CPU.ActiveCfg = Debug|Any CPU
		{190471B0-451B-4E51-81E4-74F7E0AEA1BD}.Debug|Any CPU.Build.0 = Debug|Any CPU
		{190471B0-451B-4E51-81E4-74F7E0AEA1BD}.Release|Any CPU.ActiveCfg = Release|Any CPU
		{190471B0-451B-4E51-81E4-74F7E0AEA1BD}.Release|Any CPU.Build.0 = Release|Any CPU
	EndGlobalSection
	GlobalSection(SolutionProperties) = preSolution
		HideSolutionNode = FALSE
	EndGlobalSection
	GlobalSection(ExtensibilityGlobals) = postSolution
		SolutionGuid = {DFF40333-F951-45DF-BF7A-BAED96C08BE2}
	EndGlobalSection
EndGlobal
