
Microsoft Visual Studio Solution File, Format Version 12.00
# Visual Studio Version 16
VisualStudioVersion = 16.0.30621.155
MinimumVisualStudioVersion = 10.0.40219.1
Project("{FAE04EC0-301F-11D3-BF4B-00C04F79EFBC}") = "Demo_Authentication_NET", "Demo_Authentication_NET.csproj", "{3594E0E8-A5E4-4280-95EA-11164C66C55E}"
EndProject
Global
	GlobalSection(SolutionConfigurationPlatforms) = preSolution
		Debug|Any CPU = Debug|Any CPU
		Release|Any CPU = Release|Any CPU
	EndGlobalSection
	GlobalSection(ProjectConfigurationPlatforms) = postSolution
		{3594E0E8-A5E4-4280-95EA-11164C66C55E}.Debug|Any CPU.ActiveCfg = Debug|Any CPU
		{3594E0E8-A5E4-4280-95EA-11164C66C55E}.Debug|Any CPU.Build.0 = Debug|Any CPU
		{3594E0E8-A5E4-4280-95EA-11164C66C55E}.Release|Any CPU.ActiveCfg = Release|Any CPU
		{3594E0E8-A5E4-4280-95EA-11164C66C55E}.Release|Any CPU.Build.0 = Release|Any CPU
	EndGlobalSection
	GlobalSection(SolutionProperties) = preSolution
		HideSolutionNode = FALSE
	EndGlobalSection
	GlobalSection(ExtensibilityGlobals) = postSolution
		SolutionGuid = {B55D0071-AC66-4CF2-895F-297AB9DE2C35}
	EndGlobalSection
EndGlobal
